// !$*UTF8*$!
{
	archiveVersion = 1;
	classes = {
	};
	objectVersion = 50;
	objects = {

/* Begin PBXBuildFile section */
		141C451F22841AD500627B9B /* Colors.swift in Sources */ = {isa = PBXBuildFile; fileRef = 141C451E22841AD500627B9B /* Colors.swift */; };
		141C452322841FBC00627B9B /* GameFieldView.swift in Sources */ = {isa = PBXBuildFile; fileRef = 141C452222841FBC00627B9B /* GameFieldView.swift */; };
		141C452522854C2C00627B9B /* GameFieldConfiguration.swift in Sources */ = {isa = PBXBuildFile; fileRef = 141C452422854C2C00627B9B /* GameFieldConfiguration.swift */; };
		141C4527228555BC00627B9B /* GameCellView.swift in Sources */ = {isa = PBXBuildFile; fileRef = 141C4526228555BC00627B9B /* GameCellView.swift */; };
		143288A02286E2720061C5EB /* BackgroundCellView.swift in Sources */ = {isa = PBXBuildFile; fileRef = 1432889F2286E2720061C5EB /* BackgroundCellView.swift */; };
		1436530E2286840500C969BF /* GameCore.swift in Sources */ = {isa = PBXBuildFile; fileRef = 1436530D2286840500C969BF /* GameCore.swift */; };
		143653102286846E00C969BF /* CellModel.swift in Sources */ = {isa = PBXBuildFile; fileRef = 1436530F2286846E00C969BF /* CellModel.swift */; };
		14FDBCAB2283F30400CAF12F /* AppDelegate.swift in Sources */ = {isa = PBXBuildFile; fileRef = 14FDBCAA2283F30400CAF12F /* AppDelegate.swift */; };
		14FDBCAD2283F30400CAF12F /* ViewController.swift in Sources */ = {isa = PBXBuildFile; fileRef = 14FDBCAC2283F30400CAF12F /* ViewController.swift */; };
		14FDBCB02283F30400CAF12F /* Main.storyboard in Resources */ = {isa = PBXBuildFile; fileRef = 14FDBCAE2283F30400CAF12F /* Main.storyboard */; };
		14FDBCB22283F30500CAF12F /* Assets.xcassets in Resources */ = {isa = PBXBuildFile; fileRef = 14FDBCB12283F30500CAF12F /* Assets.xcassets */; };
		14FDBCB52283F30500CAF12F /* LaunchScreen.storyboard in Resources */ = {isa = PBXBuildFile; fileRef = 14FDBCB32283F30500CAF12F /* LaunchScreen.storyboard */; };
/* End PBXBuildFile section */

/* Begin PBXFileReference section */
		141C451E22841AD500627B9B /* Colors.swift */ = {isa = PBXFileReference; lastKnownFileType = sourcecode.swift; path = Colors.swift; sourceTree = "<group>"; };
		141C452222841FBC00627B9B /* GameFieldView.swift */ = {isa = PBXFileReference; lastKnownFileType = sourcecode.swift; path = GameFieldView.swift; sourceTree = "<group>"; };
		141C452422854C2C00627B9B /* GameFieldConfiguration.swift */ = {isa = PBXFileReference; lastKnownFileType = sourcecode.swift; path = GameFieldConfiguration.swift; sourceTree = "<group>"; };
		141C4526228555BC00627B9B /* GameCellView.swift */ = {isa = PBXFileReference; lastKnownFileType = sourcecode.swift; path = GameCellView.swift; sourceTree = "<group>"; };
		1432889F2286E2720061C5EB /* BackgroundCellView.swift */ = {isa = PBXFileReference; lastKnownFileType = sourcecode.swift; path = BackgroundCellView.swift; sourceTree = "<group>"; };
		1436530D2286840500C969BF /* GameCore.swift */ = {isa = PBXFileReference; lastKnownFileType = sourcecode.swift; path = GameCore.swift; sourceTree = "<group>"; };
		1436530F2286846E00C969BF /* CellModel.swift */ = {isa = PBXFileReference; lastKnownFileType = sourcecode.swift; path = CellModel.swift; sourceTree = "<group>"; };
		14FDBCA72283F30400CAF12F /* Game2048.app */ = {isa = PBXFileReference; explicitFileType = wrapper.application; includeInIndex = 0; path = Game2048.app; sourceTree = BUILT_PRODUCTS_DIR; };
		14FDBCAA2283F30400CAF12F /* AppDelegate.swift */ = {isa = PBXFileReference; lastKnownFileType = sourcecode.swift; path = AppDelegate.swift; sourceTree = "<group>"; };
		14FDBCAC2283F30400CAF12F /* ViewController.swift */ = {isa = PBXFileReference; lastKnownFileType = sourcecode.swift; path = ViewController.swift; sourceTree = "<group>"; };
		14FDBCAF2283F30400CAF12F /* Base */ = {isa = PBXFileReference; lastKnownFileType = file.storyboard; name = Base; path = Base.lproj/Main.storyboard; sourceTree = "<group>"; };
		14FDBCB12283F30500CAF12F /* Assets.xcassets */ = {isa = PBXFileReference; lastKnownFileType = folder.assetcatalog; path = Assets.xcassets; sourceTree = "<group>"; };
		14FDBCB42283F30500CAF12F /* Base */ = {isa = PBXFileReference; lastKnownFileType = file.storyboard; name = Base; path = Base.lproj/LaunchScreen.storyboard; sourceTree = "<group>"; };
		14FDBCB62283F30500CAF12F /* Info.plist */ = {isa = PBXFileReference; lastKnownFileType = text.plist.xml; path = Info.plist; sourceTree = "<group>"; };
/* End PBXFileReference section */

/* Begin PBXFrameworksBuildPhase section */
		14FDBCA42283F30400CAF12F /* Frameworks */ = {
			isa = PBXFrameworksBuildPhase;
			buildActionMask = 2147483647;
			files = (
			);
			runOnlyForDeploymentPostprocessing = 0;
		};
/* End PBXFrameworksBuildPhase section */

/* Begin PBXGroup section */
		141C451D22841ABA00627B9B /* Resources */ = {
			isa = PBXGroup;
			children = (
				141C451E22841AD500627B9B /* Colors.swift */,
				14FDBCB12283F30500CAF12F /* Assets.xcassets */,
			);
			path = Resources;
			sourceTree = "<group>";
		};
		14683710228A610700451803 /* Model */ = {
			isa = PBXGroup;
			children = (
				1436530D2286840500C969BF /* GameCore.swift */,
				1436530F2286846E00C969BF /* CellModel.swift */,
				141C452422854C2C00627B9B /* GameFieldConfiguration.swift */,
			);
			path = Model;
			sourceTree = "<group>";
		};
		14683711228A623A00451803 /* View */ = {
			isa = PBXGroup;
			children = (
				141C452222841FBC00627B9B /* GameFieldView.swift */,
				141C4526228555BC00627B9B /* GameCellView.swift */,
				1432889F2286E2720061C5EB /* BackgroundCellView.swift */,
			);
			path = View;
			sourceTree = "<group>";
		};
		14683712228A625900451803 /* SupportingFiles */ = {
			isa = PBXGroup;
			children = (
				14FDBCAA2283F30400CAF12F /* AppDelegate.swift */,
				14FDBCAE2283F30400CAF12F /* Main.storyboard */,
				14FDBCB32283F30500CAF12F /* LaunchScreen.storyboard */,
				14FDBCB62283F30500CAF12F /* Info.plist */,
			);
			path = SupportingFiles;
			sourceTree = "<group>";
		};
		14FDBC9E2283F30400CAF12F = {
			isa = PBXGroup;
			children = (
				14FDBCA92283F30400CAF12F /* Game2048 */,
				14FDBCA82283F30400CAF12F /* Products */,
			);
			sourceTree = "<group>";
		};
		14FDBCA82283F30400CAF12F /* Products */ = {
			isa = PBXGroup;
			children = (
				14FDBCA72283F30400CAF12F /* Game2048.app */,
			);
			name = Products;
			sourceTree = "<group>";
		};
		14FDBCA92283F30400CAF12F /* Game2048 */ = {
			isa = PBXGroup;
			children = (
				14683712228A625900451803 /* SupportingFiles */,
				14683711228A623A00451803 /* View */,
				14683710228A610700451803 /* Model */,
				141C451D22841ABA00627B9B /* Resources */,
				14FDBCAC2283F30400CAF12F /* ViewController.swift */,
			);
			path = Game2048;
			sourceTree = "<group>";
		};
/* End PBXGroup section */

/* Begin PBXNativeTarget section */
		14FDBCA62283F30400CAF12F /* Game2048 */ = {
			isa = PBXNativeTarget;
			buildConfigurationList = 14FDBCB92283F30500CAF12F /* Build configuration list for PBXNativeTarget "Game2048" */;
			buildPhases = (
				14FDBCA32283F30400CAF12F /* Sources */,
				14FDBCA42283F30400CAF12F /* Frameworks */,
				14FDBCA52283F30400CAF12F /* Resources */,
			);
			buildRules = (
			);
			dependencies = (
			);
			name = Game2048;
			productName = Game2048;
			productReference = 14FDBCA72283F30400CAF12F /* Game2048.app */;
			productType = "com.apple.product-type.application";
		};
/* End PBXNativeTarget section */

/* Begin PBXProject section */
		14FDBC9F2283F30400CAF12F /* Project object */ = {
			isa = PBXProject;
			attributes = {
				LastSwiftUpdateCheck = 1020;
				LastUpgradeCheck = 1020;
				ORGANIZATIONNAME = "Kirill Varlamov";
				TargetAttributes = {
					14FDBCA62283F30400CAF12F = {
						CreatedOnToolsVersion = 10.2;
					};
				};
			};
			buildConfigurationList = 14FDBCA22283F30400CAF12F /* Build configuration list for PBXProject "Game2048" */;
			compatibilityVersion = "Xcode 9.3";
			developmentRegion = en;
			hasScannedForEncodings = 0;
			knownRegions = (
				en,
				Base,
			);
			mainGroup = 14FDBC9E2283F30400CAF12F;
			productRefGroup = 14FDBCA82283F30400CAF12F /* Products */;
			projectDirPath = "";
			projectRoot = "";
			targets = (
				14FDBCA62283F30400CAF12F /* Game2048 */,
			);
		};
/* End PBXProject section */

/* Begin PBXResourcesBuildPhase section */
		14FDBCA52283F30400CAF12F /* Resources */ = {
			isa = PBXResourcesBuildPhase;
			buildActionMask = 2147483647;
			files = (
				14FDBCB52283F30500CAF12F /* LaunchScreen.storyboard in Resources */,
				14FDBCB22283F30500CAF12F /* Assets.xcassets in Resources */,
				14FDBCB02283F30400CAF12F /* Main.storyboard in Resources */,
			);
			runOnlyForDeploymentPostprocessing = 0;
		};
/* End PBXResourcesBuildPhase section */

/* Begin PBXSourcesBuildPhase section */
		14FDBCA32283F30400CAF12F /* Sources */ = {
			isa = PBXSourcesBuildPhase;
			buildActionMask = 2147483647;
			files = (
				14FDBCAD2283F30400CAF12F /* ViewController.swift in Sources */,
				141C452522854C2C00627B9B /* GameFieldConfiguration.swift in Sources */,
				141C451F22841AD500627B9B /* Colors.swift in Sources */,
				143653102286846E00C969BF /* CellModel.swift in Sources */,
				143288A02286E2720061C5EB /* BackgroundCellView.swift in Sources */,
				14FDBCAB2283F30400CAF12F /* AppDelegate.swift in Sources */,
				141C452322841FBC00627B9B /* GameFieldView.swift in Sources */,
				1436530E2286840500C969BF /* GameCore.swift in Sources */,
				141C4527228555BC00627B9B /* GameCellView.swift in Sources */,
			);
			runOnlyForDeploymentPostprocessing = 0;
		};
/* End PBXSourcesBuildPhase section */

/* Begin PBXVariantGroup section */
		14FDBCAE2283F30400CAF12F /* Main.storyboard */ = {
			isa = PBXVariantGroup;
			children = (
				14FDBCAF2283F30400CAF12F /* Base */,
			);
			name = Main.storyboard;
			sourceTree = "<group>";
		};
		14FDBCB32283F30500CAF12F /* LaunchScreen.storyboard */ = {
			isa = PBXVariantGroup;
			children = (
				14FDBCB42283F30500CAF12F /* Base */,
			);
			name = LaunchScreen.storyboard;
			sourceTree = "<group>";
		};
/* End PBXVariantGroup section */

/* Begin XCBuildConfiguration section */
		14FDBCB72283F30500CAF12F /* Debug */ = {
			isa = XCBuildConfiguration;
			buildSettings = {
				ALWAYS_SEARCH_USER_PATHS = NO;
				CLANG_ANALYZER_NONNULL = YES;
				CLANG_ANALYZER_NUMBER_OBJECT_CONVERSION = YES_AGGRESSIVE;
				CLANG_CXX_LANGUAGE_STANDARD = "gnu++14";
				CLANG_CXX_LIBRARY = "libc++";
				CLANG_ENABLE_MODULES = YES;
				CLANG_ENABLE_OBJC_ARC = YES;
				CLANG_ENABLE_OBJC_WEAK = YES;
				CLANG_WARN_BLOCK_CAPTURE_AUTORELEASING = YES;
				CLANG_WARN_BOOL_CONVERSION = YES;
				CLANG_WARN_COMMA = YES;
				CLANG_WARN_CONSTANT_CONVERSION = YES;
				CLANG_WARN_DEPRECATED_OBJC_IMPLEMENTATIONS = YES;
				CLANG_WARN_DIRECT_OBJC_ISA_USAGE = YES_ERROR;
				CLANG_WARN_DOCUMENTATION_COMMENTS = YES;
				CLANG_WARN_EMPTY_BODY = YES;
				CLANG_WARN_ENUM_CONVERSION = YES;
				CLANG_WARN_INFINITE_RECURSION = YES;
				CLANG_WARN_INT_CONVERSION = YES;
				CLANG_WARN_NON_LITERAL_NULL_CONVERSION = YES;
				CLANG_WARN_OBJC_IMPLICIT_RETAIN_SELF = YES;
				CLANG_WARN_OBJC_LITERAL_CONVERSION = YES;
				CLANG_WARN_OBJC_ROOT_CLASS = YES_ERROR;
				CLANG_WARN_RANGE_LOOP_ANALYSIS = YES;
				CLANG_WARN_STRICT_PROTOTYPES = YES;
				CLANG_WARN_SUSPICIOUS_MOVE = YES;
				CLANG_WARN_UNGUARDED_AVAILABILITY = YES_AGGRESSIVE;
				CLANG_WARN_UNREACHABLE_CODE = YES;
				CLANG_WARN__DUPLICATE_METHOD_MATCH = YES;
				CODE_SIGN_IDENTITY = "iPhone Developer";
				COPY_PHASE_STRIP = NO;
				DEBUG_INFORMATION_FORMAT = dwarf;
				ENABLE_STRICT_OBJC_MSGSEND = YES;
				ENABLE_TESTABILITY = YES;
				GCC_C_LANGUAGE_STANDARD = gnu11;
				GCC_DYNAMIC_NO_PIC = NO;
				GCC_NO_COMMON_BLOCKS = YES;
				GCC_OPTIMIZATION_LEVEL = 0;
				GCC_PREPROCESSOR_DEFINITIONS = (
					"DEBUG=1",
					"$(inherited)",
				);
				GCC_WARN_64_TO_32_BIT_CONVERSION = YES;
				GCC_WARN_ABOUT_RETURN_TYPE = YES_ERROR;
				GCC_WARN_UNDECLARED_SELECTOR = YES;
				GCC_WARN_UNINITIALIZED_AUTOS = YES_AGGRESSIVE;
				GCC_WARN_UNUSED_FUNCTION = YES;
				GCC_WARN_UNUSED_VARIABLE = YES;
				IPHONEOS_DEPLOYMENT_TARGET = 12.2;
				MTL_ENABLE_DEBUG_INFO = INCLUDE_SOURCE;
				MTL_FAST_MATH = YES;
				ONLY_ACTIVE_ARCH = YES;
				SDKROOT = iphoneos;
				SWIFT_ACTIVE_COMPILATION_CONDITIONS = DEBUG;
				SWIFT_OPTIMIZATION_LEVEL = "-Onone";
			};
			name = Debug;
		};
		14FDBCB82283F30500CAF12F /* Release */ = {
			isa = XCBuildConfiguration;
			buildSettings = {
				ALWAYS_SEARCH_USER_PATHS = NO;
				CLANG_ANALYZER_NONNULL = YES;
				CLANG_ANALYZER_NUMBER_OBJECT_CONVERSION = YES_AGGRESSIVE;
				CLANG_CXX_LANGUAGE_STANDARD = "gnu++14";
				CLANG_CXX_LIBRARY = "libc++";
				CLANG_ENABLE_MODULES = YES;
				CLANG_ENABLE_OBJC_ARC = YES;
				CLANG_ENABLE_OBJC_WEAK = YES;
				CLANG_WARN_BLOCK_CAPTURE_AUTORELEASING = YES;
				CLANG_WARN_BOOL_CONVERSION = YES;
				CLANG_WARN_COMMA = YES;
				CLANG_WARN_CONSTANT_CONVERSION = YES;
				CLANG_WARN_DEPRECATED_OBJC_IMPLEMENTATIONS = YES;
				CLANG_WARN_DIRECT_OBJC_ISA_USAGE = YES_ERROR;
				CLANG_WARN_DOCUMENTATION_COMMENTS = YES;
				CLANG_WARN_EMPTY_BODY = YES;
				CLANG_WARN_ENUM_CONVERSION = YES;
				CLANG_WARN_INFINITE_RECURSION = YES;
				CLANG_WARN_INT_CONVERSION = YES;
				CLANG_WARN_NON_LITERAL_NULL_CONVERSION = YES;
				CLANG_WARN_OBJC_IMPLICIT_RETAIN_SELF = YES;
				CLANG_WARN_OBJC_LITERAL_CONVERSION = YES;
				CLANG_WARN_OBJC_ROOT_CLASS = YES_ERROR;
				CLANG_WARN_RANGE_LOOP_ANALYSIS = YES;
				CLANG_WARN_STRICT_PROTOTYPES = YES;
				CLANG_WARN_SUSPICIOUS_MOVE = YES;
				CLANG_WARN_UNGUARDED_AVAILABILITY = YES_AGGRESSIVE;
				CLANG_WARN_UNREACHABLE_CODE = YES;
				CLANG_WARN__DUPLICATE_METHOD_MATCH = YES;
				CODE_SIGN_IDENTITY = "iPhone Developer";
				COPY_PHASE_STRIP = NO;
				DEBUG_INFORMATION_FORMAT = "dwarf-with-dsym";
				ENABLE_NS_ASSERTIONS = NO;
				ENABLE_STRICT_OBJC_MSGSEND = YES;
				GCC_C_LANGUAGE_STANDARD = gnu11;
				GCC_NO_COMMON_BLOCKS = YES;
				GCC_WARN_64_TO_32_BIT_CONVERSION = YES;
				GCC_WARN_ABOUT_RETURN_TYPE = YES_ERROR;
				GCC_WARN_UNDECLARED_SELECTOR = YES;
				GCC_WARN_UNINITIALIZED_AUTOS = YES_AGGRESSIVE;
				GCC_WARN_UNUSED_FUNCTION = YES;
				GCC_WARN_UNUSED_VARIABLE = YES;
				IPHONEOS_DEPLOYMENT_TARGET = 12.2;
				MTL_ENABLE_DEBUG_INFO = NO;
				MTL_FAST_MATH = YES;
				SDKROOT = iphoneos;
				SWIFT_COMPILATION_MODE = wholemodule;
				SWIFT_OPTIMIZATION_LEVEL = "-O";
				VALIDATE_PRODUCT = YES;
			};
			name = Release;
		};
		14FDBCBA2283F30500CAF12F /* Debug */ = {
			isa = XCBuildConfiguration;
			buildSettings = {
				ASSETCATALOG_COMPILER_APPICON_NAME = AppIcon;
				CODE_SIGN_STYLE = Automatic;
				DEVELOPMENT_TEAM = ZB2PMQN3C6;
				INFOPLIST_FILE = "$(SRCROOT)/Game2048/SupportingFiles/Info.plist";
				IPHONEOS_DEPLOYMENT_TARGET = 9.0;
				LD_RUNPATH_SEARCH_PATHS = (
					"$(inherited)",
					"@executable_path/Frameworks",
				);
				PRODUCT_BUNDLE_IDENTIFIER = kirillvarlamov.me.Game2048;
				PRODUCT_NAME = "$(TARGET_NAME)";
				SWIFT_VERSION = 5.0;
				TARGETED_DEVICE_FAMILY = "1,2";
			};
			name = Debug;
		};
		14FDBCBB2283F30500CAF12F /* Release */ = {
			isa = XCBuildConfiguration;
			buildSettings = {
				ASSETCATALOG_COMPILER_APPICON_NAME = AppIcon;
				CODE_SIGN_STYLE = Automatic;
				DEVELOPMENT_TEAM = ZB2PMQN3C6;
				INFOPLIST_FILE = "$(SRCROOT)/Game2048/SupportingFiles/Info.plist";
				IPHONEOS_DEPLOYMENT_TARGET = 9.0;
				LD_RUNPATH_SEARCH_PATHS = (
					"$(inherited)",
					"@executable_path/Frameworks",
				);
				PRODUCT_BUNDLE_IDENTIFIER = kirillvarlamov.me.Game2048;
				PRODUCT_NAME = "$(TARGET_NAME)";
				SWIFT_VERSION = 5.0;
				TARGETED_DEVICE_FAMILY = "1,2";
			};
			name = Release;
		};
/* End XCBuildConfiguration section */

/* Begin XCConfigurationList section */
		14FDBCA22283F30400CAF12F /* Build configuration list for PBXProject "Game2048" */ = {
			isa = XCConfigurationList;
			buildConfigurations = (
				14FDBCB72283F30500CAF12F /* Debug */,
				14FDBCB82283F30500CAF12F /* Release */,
			);
			defaultConfigurationIsVisible = 0;
			defaultConfigurationName = Release;
		};
		14FDBCB92283F30500CAF12F /* Build configuration list for PBXNativeTarget "Game2048" */ = {
			isa = XCConfigurationList;
			buildConfigurations = (
				14FDBCBA2283F30500CAF12F /* Debug */,
				14FDBCBB2283F30500CAF12F /* Release */,
			);
			defaultConfigurationIsVisible = 0;
			defaultConfigurationName = Release;
		};
/* End XCConfigurationList section */
	};
	rootObject = 14FDBC9F2283F30400CAF12F /* Project object */;
}
